// !$*UTF8*$!
{
	archiveVersion = 1;
	classes = {
	};
	objectVersion = 46;
	objects = {

/* Begin PBXBuildFile section */
		83FB1757E303E716DD99C3C2 /* Pods_Sozava.framework in Frameworks */ = {isa = PBXBuildFile; fileRef = 53B732806DBF869E973E816C /* Pods_Sozava.framework */; };
		E0512A9E1E7CD76B00E74AB1 /* MenuDetailsLauncher.swift in Sources */ = {isa = PBXBuildFile; fileRef = E0512A9D1E7CD76B00E74AB1 /* MenuDetailsLauncher.swift */; };
		E0512AA01E7CDC3900E74AB1 /* MenuDetailsView.swift in Sources */ = {isa = PBXBuildFile; fileRef = E0512A9F1E7CDC3900E74AB1 /* MenuDetailsView.swift */; };
		E090F2CD1E73FDC700784654 /* MenusViewController.swift in Sources */ = {isa = PBXBuildFile; fileRef = E090F2CC1E73FDC700784654 /* MenusViewController.swift */; };
		E090F2CF1E74248700784654 /* CategoriesBar.swift in Sources */ = {isa = PBXBuildFile; fileRef = E090F2CE1E74248700784654 /* CategoriesBar.swift */; };
		E0AC1AC51E6EF8B000D613AE /* AppDelegate.swift in Sources */ = {isa = PBXBuildFile; fileRef = E0AC1AC41E6EF8B000D613AE /* AppDelegate.swift */; };
		E0AC1ACA1E6EF8B000D613AE /* Main.storyboard in Resources */ = {isa = PBXBuildFile; fileRef = E0AC1AC81E6EF8B000D613AE /* Main.storyboard */; };
		E0AC1ACC1E6EF8B000D613AE /* Assets.xcassets in Resources */ = {isa = PBXBuildFile; fileRef = E0AC1ACB1E6EF8B000D613AE /* Assets.xcassets */; };
		E0AC1ACF1E6EF8B000D613AE /* LaunchScreen.storyboard in Resources */ = {isa = PBXBuildFile; fileRef = E0AC1ACD1E6EF8B000D613AE /* LaunchScreen.storyboard */; };
		E0AC1AD91E6EF8EE00D613AE /* LoginViewController.swift in Sources */ = {isa = PBXBuildFile; fileRef = E0AC1AD61E6EF8EE00D613AE /* LoginViewController.swift */; };
		E0AC1ADA1E6EF8EE00D613AE /* RestaurantCell.swift in Sources */ = {isa = PBXBuildFile; fileRef = E0AC1AD71E6EF8EE00D613AE /* RestaurantCell.swift */; };
		E0AC1ADB1E6EF8EE00D613AE /* RestaurantsViewController.swift in Sources */ = {isa = PBXBuildFile; fileRef = E0AC1AD81E6EF8EE00D613AE /* RestaurantsViewController.swift */; };
		E0AC1ADD1E6EF8FE00D613AE /* GoogleService-Info.plist in Resources */ = {isa = PBXBuildFile; fileRef = E0AC1ADC1E6EF8FE00D613AE /* GoogleService-Info.plist */; };
		E0AC1ADF1E6EF91000D613AE /* ConnexionViewController.swift in Sources */ = {isa = PBXBuildFile; fileRef = E0AC1ADE1E6EF91000D613AE /* ConnexionViewController.swift */; };
		E0AC1AE31E6F164900D613AE /* Restaurant.swift in Sources */ = {isa = PBXBuildFile; fileRef = E0AC1AE21E6F164900D613AE /* Restaurant.swift */; };
		E0AC1AE51E6F193800D613AE /* Specialite.swift in Sources */ = {isa = PBXBuildFile; fileRef = E0AC1AE41E6F193800D613AE /* Specialite.swift */; };
		E0AC1AE71E6F198500D613AE /* User.swift in Sources */ = {isa = PBXBuildFile; fileRef = E0AC1AE61E6F198500D613AE /* User.swift */; };
		E0AC1AE91E6F1AA800D613AE /* Quartier.swift in Sources */ = {isa = PBXBuildFile; fileRef = E0AC1AE81E6F1AA800D613AE /* Quartier.swift */; };
		E0AC1AEB1E6F1C1300D613AE /* Categorie.swift in Sources */ = {isa = PBXBuildFile; fileRef = E0AC1AEA1E6F1C1300D613AE /* Categorie.swift */; };
		E0AC1AED1E6F1C7300D613AE /* Produit.swift in Sources */ = {isa = PBXBuildFile; fileRef = E0AC1AEC1E6F1C7300D613AE /* Produit.swift */; };
		E0AC1AF11E6F472F00D613AE /* Extensions.swift in Sources */ = {isa = PBXBuildFile; fileRef = E0AC1AF01E6F472F00D613AE /* Extensions.swift */; };
		E0AC1AF51E7064C100D613AE /* RestaurantTopImageCell.swift in Sources */ = {isa = PBXBuildFile; fileRef = E0AC1AF41E7064C100D613AE /* RestaurantTopImageCell.swift */; };
		E0AC1AFD1E719F1500D613AE /* CategoryCell.swift in Sources */ = {isa = PBXBuildFile; fileRef = E0AC1AFC1E719F1500D613AE /* CategoryCell.swift */; };
		E0AC1B031E71AC3800D613AE /* MenuCell.swift in Sources */ = {isa = PBXBuildFile; fileRef = E0AC1B021E71AC3800D613AE /* MenuCell.swift */; };
		E0E424881E77022D00BAF20B /* TestAnimationViewController.swift in Sources */ = {isa = PBXBuildFile; fileRef = E0E424871E77022D00BAF20B /* TestAnimationViewController.swift */; };
/* End PBXBuildFile section */

/* Begin PBXFileReference section */
		53B732806DBF869E973E816C /* Pods_Sozava.framework */ = {isa = PBXFileReference; explicitFileType = wrapper.framework; includeInIndex = 0; path = Pods_Sozava.framework; sourceTree = BUILT_PRODUCTS_DIR; };
		8C578D1DD581A10D28B5F65E /* Pods-Sozava.release.xcconfig */ = {isa = PBXFileReference; includeInIndex = 1; lastKnownFileType = text.xcconfig; name = "Pods-Sozava.release.xcconfig"; path = "Pods/Target Support Files/Pods-Sozava/Pods-Sozava.release.xcconfig"; sourceTree = "<group>"; };
		C522A7D87C2527978F2CB104 /* Pods-Sozava.debug.xcconfig */ = {isa = PBXFileReference; includeInIndex = 1; lastKnownFileType = text.xcconfig; name = "Pods-Sozava.debug.xcconfig"; path = "Pods/Target Support Files/Pods-Sozava/Pods-Sozava.debug.xcconfig"; sourceTree = "<group>"; };
		E0512A9D1E7CD76B00E74AB1 /* MenuDetailsLauncher.swift */ = {isa = PBXFileReference; fileEncoding = 4; lastKnownFileType = sourcecode.swift; path = MenuDetailsLauncher.swift; sourceTree = "<group>"; };
		E0512A9F1E7CDC3900E74AB1 /* MenuDetailsView.swift */ = {isa = PBXFileReference; fileEncoding = 4; lastKnownFileType = sourcecode.swift; path = MenuDetailsView.swift; sourceTree = "<group>"; };
		E090F2CC1E73FDC700784654 /* MenusViewController.swift */ = {isa = PBXFileReference; fileEncoding = 4; lastKnownFileType = sourcecode.swift; path = MenusViewController.swift; sourceTree = "<group>"; };
		E090F2CE1E74248700784654 /* CategoriesBar.swift */ = {isa = PBXFileReference; fileEncoding = 4; lastKnownFileType = sourcecode.swift; path = CategoriesBar.swift; sourceTree = "<group>"; };
		E0AC1AC11E6EF8B000D613AE /* Sozava.app */ = {isa = PBXFileReference; explicitFileType = wrapper.application; includeInIndex = 0; path = Sozava.app; sourceTree = BUILT_PRODUCTS_DIR; };
		E0AC1AC41E6EF8B000D613AE /* AppDelegate.swift */ = {isa = PBXFileReference; lastKnownFileType = sourcecode.swift; path = AppDelegate.swift; sourceTree = "<group>"; };
		E0AC1AC91E6EF8B000D613AE /* Base */ = {isa = PBXFileReference; lastKnownFileType = file.storyboard; name = Base; path = Base.lproj/Main.storyboard; sourceTree = "<group>"; };
		E0AC1ACB1E6EF8B000D613AE /* Assets.xcassets */ = {isa = PBXFileReference; lastKnownFileType = folder.assetcatalog; path = Assets.xcassets; sourceTree = "<group>"; };
		E0AC1ACE1E6EF8B000D613AE /* Base */ = {isa = PBXFileReference; lastKnownFileType = file.storyboard; name = Base; path = Base.lproj/LaunchScreen.storyboard; sourceTree = "<group>"; };
		E0AC1AD01E6EF8B000D613AE /* Info.plist */ = {isa = PBXFileReference; lastKnownFileType = text.plist.xml; path = Info.plist; sourceTree = "<group>"; };
		E0AC1AD61E6EF8EE00D613AE /* LoginViewController.swift */ = {isa = PBXFileReference; fileEncoding = 4; lastKnownFileType = sourcecode.swift; path = LoginViewController.swift; sourceTree = "<group>"; };
		E0AC1AD71E6EF8EE00D613AE /* RestaurantCell.swift */ = {isa = PBXFileReference; fileEncoding = 4; lastKnownFileType = sourcecode.swift; path = RestaurantCell.swift; sourceTree = "<group>"; };
		E0AC1AD81E6EF8EE00D613AE /* RestaurantsViewController.swift */ = {isa = PBXFileReference; fileEncoding = 4; lastKnownFileType = sourcecode.swift; path = RestaurantsViewController.swift; sourceTree = "<group>"; };
		E0AC1ADC1E6EF8FE00D613AE /* GoogleService-Info.plist */ = {isa = PBXFileReference; fileEncoding = 4; lastKnownFileType = text.plist.xml; path = "GoogleService-Info.plist"; sourceTree = "<group>"; };
		E0AC1ADE1E6EF91000D613AE /* ConnexionViewController.swift */ = {isa = PBXFileReference; fileEncoding = 4; lastKnownFileType = sourcecode.swift; path = ConnexionViewController.swift; sourceTree = "<group>"; };
		E0AC1AE21E6F164900D613AE /* Restaurant.swift */ = {isa = PBXFileReference; fileEncoding = 4; lastKnownFileType = sourcecode.swift; path = Restaurant.swift; sourceTree = "<group>"; };
		E0AC1AE41E6F193800D613AE /* Specialite.swift */ = {isa = PBXFileReference; fileEncoding = 4; lastKnownFileType = sourcecode.swift; path = Specialite.swift; sourceTree = "<group>"; };
		E0AC1AE61E6F198500D613AE /* User.swift */ = {isa = PBXFileReference; fileEncoding = 4; lastKnownFileType = sourcecode.swift; path = User.swift; sourceTree = "<group>"; };
		E0AC1AE81E6F1AA800D613AE /* Quartier.swift */ = {isa = PBXFileReference; fileEncoding = 4; lastKnownFileType = sourcecode.swift; path = Quartier.swift; sourceTree = "<group>"; };
		E0AC1AEA1E6F1C1300D613AE /* Categorie.swift */ = {isa = PBXFileReference; fileEncoding = 4; lastKnownFileType = sourcecode.swift; path = Categorie.swift; sourceTree = "<group>"; };
		E0AC1AEC1E6F1C7300D613AE /* Produit.swift */ = {isa = PBXFileReference; fileEncoding = 4; lastKnownFileType = sourcecode.swift; path = Produit.swift; sourceTree = "<group>"; };
		E0AC1AF01E6F472F00D613AE /* Extensions.swift */ = {isa = PBXFileReference; fileEncoding = 4; lastKnownFileType = sourcecode.swift; path = Extensions.swift; sourceTree = "<group>"; };
		E0AC1AF41E7064C100D613AE /* RestaurantTopImageCell.swift */ = {isa = PBXFileReference; fileEncoding = 4; lastKnownFileType = sourcecode.swift; path = RestaurantTopImageCell.swift; sourceTree = "<group>"; };
		E0AC1AFC1E719F1500D613AE /* CategoryCell.swift */ = {isa = PBXFileReference; fileEncoding = 4; lastKnownFileType = sourcecode.swift; path = CategoryCell.swift; sourceTree = "<group>"; };
		E0AC1B021E71AC3800D613AE /* MenuCell.swift */ = {isa = PBXFileReference; fileEncoding = 4; lastKnownFileType = sourcecode.swift; path = MenuCell.swift; sourceTree = "<group>"; };
		E0E424871E77022D00BAF20B /* TestAnimationViewController.swift */ = {isa = PBXFileReference; fileEncoding = 4; lastKnownFileType = sourcecode.swift; path = TestAnimationViewController.swift; sourceTree = "<group>"; };
/* End PBXFileReference section */

/* Begin PBXFrameworksBuildPhase section */
		E0AC1ABE1E6EF8B000D613AE /* Frameworks */ = {
			isa = PBXFrameworksBuildPhase;
			buildActionMask = 2147483647;
			files = (
				83FB1757E303E716DD99C3C2 /* Pods_Sozava.framework in Frameworks */,
			);
			runOnlyForDeploymentPostprocessing = 0;
		};
/* End PBXFrameworksBuildPhase section */

/* Begin PBXGroup section */
		0EED3F06D388FAC8FB14A414 /* Frameworks */ = {
			isa = PBXGroup;
			children = (
				53B732806DBF869E973E816C /* Pods_Sozava.framework */,
			);
			name = Frameworks;
			sourceTree = "<group>";
		};
		E0512A9C1E7CD71B00E74AB1 /* Controller */ = {
			isa = PBXGroup;
			children = (
				E0E424871E77022D00BAF20B /* TestAnimationViewController.swift */,
				E090F2CC1E73FDC700784654 /* MenusViewController.swift */,
				E0AC1AD81E6EF8EE00D613AE /* RestaurantsViewController.swift */,
				E0AC1AD61E6EF8EE00D613AE /* LoginViewController.swift */,
				E0AC1ADE1E6EF91000D613AE /* ConnexionViewController.swift */,
				E0512A9D1E7CD76B00E74AB1 /* MenuDetailsLauncher.swift */,
			);
			name = Controller;
			sourceTree = "<group>";
		};
		E0AC1AB81E6EF8B000D613AE = {
			isa = PBXGroup;
			children = (
				E0AC1AC31E6EF8B000D613AE /* Sozava */,
				E0AC1AC21E6EF8B000D613AE /* Products */,
				FE15D87225B5E58562ADD1E8 /* Pods */,
				0EED3F06D388FAC8FB14A414 /* Frameworks */,
			);
			sourceTree = "<group>";
		};
		E0AC1AC21E6EF8B000D613AE /* Products */ = {
			isa = PBXGroup;
			children = (
				E0AC1AC11E6EF8B000D613AE /* Sozava.app */,
			);
			name = Products;
			sourceTree = "<group>";
		};
		E0AC1AC31E6EF8B000D613AE /* Sozava */ = {
			isa = PBXGroup;
			children = (
				E0AC1AEF1E6F46FF00D613AE /* Helpers */,
				E0AC1AE11E6F157F00D613AE /* Model */,
				E0AC1AE01E6F01C600D613AE /* Supporting Files */,
				E0AC1AEE1E6F41E200D613AE /* View */,
				E0512A9C1E7CD71B00E74AB1 /* Controller */,
				E0AC1ACB1E6EF8B000D613AE /* Assets.xcassets */,
			);
			path = Sozava;
			sourceTree = "<group>";
		};
		E0AC1AE01E6F01C600D613AE /* Supporting Files */ = {
			isa = PBXGroup;
			children = (
				E0AC1AC41E6EF8B000D613AE /* AppDelegate.swift */,
				E0AC1AC81E6EF8B000D613AE /* Main.storyboard */,
				E0AC1ACD1E6EF8B000D613AE /* LaunchScreen.storyboard */,
				E0AC1AD01E6EF8B000D613AE /* Info.plist */,
				E0AC1ADC1E6EF8FE00D613AE /* GoogleService-Info.plist */,
			);
			name = "Supporting Files";
			sourceTree = "<group>";
		};
		E0AC1AE11E6F157F00D613AE /* Model */ = {
			isa = PBXGroup;
			children = (
				E0AC1AE21E6F164900D613AE /* Restaurant.swift */,
				E0AC1AE41E6F193800D613AE /* Specialite.swift */,
				E0AC1AE61E6F198500D613AE /* User.swift */,
				E0AC1AE81E6F1AA800D613AE /* Quartier.swift */,
				E0AC1AEA1E6F1C1300D613AE /* Categorie.swift */,
				E0AC1AEC1E6F1C7300D613AE /* Produit.swift */,
			);
			name = Model;
			sourceTree = "<group>";
		};
		E0AC1AEE1E6F41E200D613AE /* View */ = {
			isa = PBXGroup;
			children = (
				E0AC1AD71E6EF8EE00D613AE /* RestaurantCell.swift */,
				E0AC1AF41E7064C100D613AE /* RestaurantTopImageCell.swift */,
				E0AC1AFC1E719F1500D613AE /* CategoryCell.swift */,
				E0AC1B021E71AC3800D613AE /* MenuCell.swift */,
				E090F2CE1E74248700784654 /* CategoriesBar.swift */,
				E0512A9F1E7CDC3900E74AB1 /* MenuDetailsView.swift */,
			);
			name = View;
			sourceTree = "<group>";
		};
		E0AC1AEF1E6F46FF00D613AE /* Helpers */ = {
			isa = PBXGroup;
			children = (
				E0AC1AF01E6F472F00D613AE /* Extensions.swift */,
			);
			name = Helpers;
			sourceTree = "<group>";
		};
		FE15D87225B5E58562ADD1E8 /* Pods */ = {
			isa = PBXGroup;
			children = (
				C522A7D87C2527978F2CB104 /* Pods-Sozava.debug.xcconfig */,
				8C578D1DD581A10D28B5F65E /* Pods-Sozava.release.xcconfig */,
			);
			name = Pods;
			sourceTree = "<group>";
		};
/* End PBXGroup section */

/* Begin PBXNativeTarget section */
		E0AC1AC01E6EF8B000D613AE /* Sozava */ = {
			isa = PBXNativeTarget;
			buildConfigurationList = E0AC1AD31E6EF8B000D613AE /* Build configuration list for PBXNativeTarget "Sozava" */;
			buildPhases = (
				646C68D0E45838EAB43DF197 /* [CP] Check Pods Manifest.lock */,
				E0AC1ABD1E6EF8B000D613AE /* Sources */,
				E0AC1ABE1E6EF8B000D613AE /* Frameworks */,
				E0AC1ABF1E6EF8B000D613AE /* Resources */,
				EB061EFBA5E6F126F1B55719 /* [CP] Embed Pods Frameworks */,
				177390550489661FE63CCA4E /* [CP] Copy Pods Resources */,
			);
			buildRules = (
			);
			dependencies = (
			);
			name = Sozava;
			productName = Sozava;
			productReference = E0AC1AC11E6EF8B000D613AE /* Sozava.app */;
			productType = "com.apple.product-type.application";
		};
/* End PBXNativeTarget section */

/* Begin PBXProject section */
		E0AC1AB91E6EF8B000D613AE /* Project object */ = {
			isa = PBXProject;
			attributes = {
				LastSwiftUpdateCheck = 0820;
				LastUpgradeCheck = 0820;
				ORGANIZATIONNAME = "Esso Awesso";
				TargetAttributes = {
					E0AC1AC01E6EF8B000D613AE = {
						CreatedOnToolsVersion = 8.2;
						DevelopmentTeam = 9T5D737237;
						LastSwiftMigration = 0820;
						ProvisioningStyle = Automatic;
					};
				};
			};
			buildConfigurationList = E0AC1ABC1E6EF8B000D613AE /* Build configuration list for PBXProject "Sozava" */;
			compatibilityVersion = "Xcode 3.2";
			developmentRegion = English;
			hasScannedForEncodings = 0;
			knownRegions = (
				en,
				Base,
			);
			mainGroup = E0AC1AB81E6EF8B000D613AE;
			productRefGroup = E0AC1AC21E6EF8B000D613AE /* Products */;
			projectDirPath = "";
			projectRoot = "";
			targets = (
				E0AC1AC01E6EF8B000D613AE /* Sozava */,
			);
		};
/* End PBXProject section */

/* Begin PBXResourcesBuildPhase section */
		E0AC1ABF1E6EF8B000D613AE /* Resources */ = {
			isa = PBXResourcesBuildPhase;
			buildActionMask = 2147483647;
			files = (
				E0AC1ACF1E6EF8B000D613AE /* LaunchScreen.storyboard in Resources */,
				E0AC1ADD1E6EF8FE00D613AE /* GoogleService-Info.plist in Resources */,
				E0AC1ACC1E6EF8B000D613AE /* Assets.xcassets in Resources */,
				E0AC1ACA1E6EF8B000D613AE /* Main.storyboard in Resources */,
			);
			runOnlyForDeploymentPostprocessing = 0;
		};
/* End PBXResourcesBuildPhase section */

/* Begin PBXShellScriptBuildPhase section */
		177390550489661FE63CCA4E /* [CP] Copy Pods Resources */ = {
			isa = PBXShellScriptBuildPhase;
			buildActionMask = 2147483647;
			files = (
			);
			inputPaths = (
			);
			name = "[CP] Copy Pods Resources";
			outputPaths = (
			);
			runOnlyForDeploymentPostprocessing = 0;
			shellPath = /bin/sh;
			shellScript = "\"${SRCROOT}/Pods/Target Support Files/Pods-Sozava/Pods-Sozava-resources.sh\"\n";
			showEnvVarsInLog = 0;
		};
		646C68D0E45838EAB43DF197 /* [CP] Check Pods Manifest.lock */ = {
			isa = PBXShellScriptBuildPhase;
			buildActionMask = 2147483647;
			files = (
			);
			inputPaths = (
			);
			name = "[CP] Check Pods Manifest.lock";
			outputPaths = (
			);
			runOnlyForDeploymentPostprocessing = 0;
			shellPath = /bin/sh;
			shellScript = "diff \"${PODS_ROOT}/../Podfile.lock\" \"${PODS_ROOT}/Manifest.lock\" > /dev/null\nif [ $? != 0 ] ; then\n    # print error to STDERR\n    echo \"error: The sandbox is not in sync with the Podfile.lock. Run 'pod install' or update your CocoaPods installation.\" >&2\n    exit 1\nfi\n";
			showEnvVarsInLog = 0;
		};
		EB061EFBA5E6F126F1B55719 /* [CP] Embed Pods Frameworks */ = {
			isa = PBXShellScriptBuildPhase;
			buildActionMask = 2147483647;
			files = (
			);
			inputPaths = (
			);
			name = "[CP] Embed Pods Frameworks";
			outputPaths = (
			);
			runOnlyForDeploymentPostprocessing = 0;
			shellPath = /bin/sh;
			shellScript = "\"${SRCROOT}/Pods/Target Support Files/Pods-Sozava/Pods-Sozava-frameworks.sh\"\n";
			showEnvVarsInLog = 0;
		};
/* End PBXShellScriptBuildPhase section */

/* Begin PBXSourcesBuildPhase section */
		E0AC1ABD1E6EF8B000D613AE /* Sources */ = {
			isa = PBXSourcesBuildPhase;
			buildActionMask = 2147483647;
			files = (
				E0AC1ADF1E6EF91000D613AE /* ConnexionViewController.swift in Sources */,
				E0AC1ADB1E6EF8EE00D613AE /* RestaurantsViewController.swift in Sources */,
				E0AC1B031E71AC3800D613AE /* MenuCell.swift in Sources */,
				E0512A9E1E7CD76B00E74AB1 /* MenuDetailsLauncher.swift in Sources */,
				E0AC1AF51E7064C100D613AE /* RestaurantTopImageCell.swift in Sources */,
				E0AC1AEB1E6F1C1300D613AE /* Categorie.swift in Sources */,
				E0E424881E77022D00BAF20B /* TestAnimationViewController.swift in Sources */,
				E090F2CD1E73FDC700784654 /* MenusViewController.swift in Sources */,
				E0AC1AFD1E719F1500D613AE /* CategoryCell.swift in Sources */,
				E0AC1AD91E6EF8EE00D613AE /* LoginViewController.swift in Sources */,
				E0AC1AE31E6F164900D613AE /* Restaurant.swift in Sources */,
				E0AC1AE71E6F198500D613AE /* User.swift in Sources */,
				E0AC1AED1E6F1C7300D613AE /* Produit.swift in Sources */,
				E0AC1AF11E6F472F00D613AE /* Extensions.swift in Sources */,
				E0AC1AE91E6F1AA800D613AE /* Quartier.swift in Sources */,
				E090F2CF1E74248700784654 /* CategoriesBar.swift in Sources */,
				E0AC1ADA1E6EF8EE00D613AE /* RestaurantCell.swift in Sources */,
				E0AC1AE51E6F193800D613AE /* Specialite.swift in Sources */,
				E0512AA01E7CDC3900E74AB1 /* MenuDetailsView.swift in Sources */,
				E0AC1AC51E6EF8B000D613AE /* AppDelegate.swift in Sources */,
			);
			runOnlyForDeploymentPostprocessing = 0;
		};
/* End PBXSourcesBuildPhase section */

/* Begin PBXVariantGroup section */
		E0AC1AC81E6EF8B000D613AE /* Main.storyboard */ = {
			isa = PBXVariantGroup;
			children = (
				E0AC1AC91E6EF8B000D613AE /* Base */,
			);
			name = Main.storyboard;
			sourceTree = "<group>";
		};
		E0AC1ACD1E6EF8B000D613AE /* LaunchScreen.storyboard */ = {
			isa = PBXVariantGroup;
			children = (
				E0AC1ACE1E6EF8B000D613AE /* Base */,
			);
			name = LaunchScreen.storyboard;
			sourceTree = "<group>";
		};
/* End PBXVariantGroup section */

/* Begin XCBuildConfiguration section */
		E0AC1AD11E6EF8B000D613AE /* Debug */ = {
			isa = XCBuildConfiguration;
			buildSettings = {
				ALWAYS_SEARCH_USER_PATHS = NO;
				CLANG_ANALYZER_NONNULL = YES;
				CLANG_CXX_LANGUAGE_STANDARD = "gnu++0x";
				CLANG_CXX_LIBRARY = "libc++";
				CLANG_ENABLE_MODULES = YES;
				CLANG_ENABLE_OBJC_ARC = YES;
				CLANG_WARN_BOOL_CONVERSION = YES;
				CLANG_WARN_CONSTANT_CONVERSION = YES;
				CLANG_WARN_DIRECT_OBJC_ISA_USAGE = YES_ERROR;
				CLANG_WARN_DOCUMENTATION_COMMENTS = YES;
				CLANG_WARN_EMPTY_BODY = YES;
				CLANG_WARN_ENUM_CONVERSION = YES;
				CLANG_WARN_INFINITE_RECURSION = YES;
				CLANG_WARN_INT_CONVERSION = YES;
				CLANG_WARN_OBJC_ROOT_CLASS = YES_ERROR;
				CLANG_WARN_SUSPICIOUS_MOVE = YES;
				CLANG_WARN_UNREACHABLE_CODE = YES;
				CLANG_WARN__DUPLICATE_METHOD_MATCH = YES;
				"CODE_SIGN_IDENTITY[sdk=iphoneos*]" = "iPhone Developer";
				COPY_PHASE_STRIP = NO;
				DEBUG_INFORMATION_FORMAT = dwarf;
				ENABLE_STRICT_OBJC_MSGSEND = YES;
				ENABLE_TESTABILITY = YES;
				GCC_C_LANGUAGE_STANDARD = gnu99;
				GCC_DYNAMIC_NO_PIC = NO;
				GCC_NO_COMMON_BLOCKS = YES;
				GCC_OPTIMIZATION_LEVEL = 0;
				GCC_PREPROCESSOR_DEFINITIONS = (
					"DEBUG=1",
					"$(inherited)",
				);
				GCC_WARN_64_TO_32_BIT_CONVERSION = YES;
				GCC_WARN_ABOUT_RETURN_TYPE = YES_ERROR;
				GCC_WARN_UNDECLARED_SELECTOR = YES;
				GCC_WARN_UNINITIALIZED_AUTOS = YES_AGGRESSIVE;
				GCC_WARN_UNUSED_FUNCTION = YES;
				GCC_WARN_UNUSED_VARIABLE = YES;
				IPHONEOS_DEPLOYMENT_TARGET = 10.2;
				MTL_ENABLE_DEBUG_INFO = YES;
				ONLY_ACTIVE_ARCH = YES;
				SDKROOT = iphoneos;
				SWIFT_ACTIVE_COMPILATION_CONDITIONS = DEBUG;
				SWIFT_OPTIMIZATION_LEVEL = "-Onone";
				TARGETED_DEVICE_FAMILY = "1,2";
			};
			name = Debug;
		};
		E0AC1AD21E6EF8B000D613AE /* Release */ = {
			isa = XCBuildConfiguration;
			buildSettings = {
				ALWAYS_SEARCH_USER_PATHS = NO;
				CLANG_ANALYZER_NONNULL = YES;
				CLANG_CXX_LANGUAGE_STANDARD = "gnu++0x";
				CLANG_CXX_LIBRARY = "libc++";
				CLANG_ENABLE_MODULES = YES;
				CLANG_ENABLE_OBJC_ARC = YES;
				CLANG_WARN_BOOL_CONVERSION = YES;
				CLANG_WARN_CONSTANT_CONVERSION = YES;
				CLANG_WARN_DIRECT_OBJC_ISA_USAGE = YES_ERROR;
				CLANG_WARN_DOCUMENTATION_COMMENTS = YES;
				CLANG_WARN_EMPTY_BODY = YES;
				CLANG_WARN_ENUM_CONVERSION = YES;
				CLANG_WARN_INFINITE_RECURSION = YES;
				CLANG_WARN_INT_CONVERSION = YES;
				CLANG_WARN_OBJC_ROOT_CLASS = YES_ERROR;
				CLANG_WARN_SUSPICIOUS_MOVE = YES;
				CLANG_WARN_UNREACHABLE_CODE = YES;
				CLANG_WARN__DUPLICATE_METHOD_MATCH = YES;
				"CODE_SIGN_IDENTITY[sdk=iphoneos*]" = "iPhone Developer";
				COPY_PHASE_STRIP = NO;
				DEBUG_INFORMATION_FORMAT = "dwarf-with-dsym";
				ENABLE_NS_ASSERTIONS = NO;
				ENABLE_STRICT_OBJC_MSGSEND = YES;
				GCC_C_LANGUAGE_STANDARD = gnu99;
				GCC_NO_COMMON_BLOCKS = YES;
				GCC_WARN_64_TO_32_BIT_CONVERSION = YES;
				GCC_WARN_ABOUT_RETURN_TYPE = YES_ERROR;
				GCC_WARN_UNDECLARED_SELECTOR = YES;
				GCC_WARN_UNINITIALIZED_AUTOS = YES_AGGRESSIVE;
				GCC_WARN_UNUSED_FUNCTION = YES;
				GCC_WARN_UNUSED_VARIABLE = YES;
				IPHONEOS_DEPLOYMENT_TARGET = 10.2;
				MTL_ENABLE_DEBUG_INFO = NO;
				SDKROOT = iphoneos;
				SWIFT_OPTIMIZATION_LEVEL = "-Owholemodule";
				TARGETED_DEVICE_FAMILY = "1,2";
				VALIDATE_PRODUCT = YES;
			};
			name = Release;
		};
		E0AC1AD41E6EF8B000D613AE /* Debug */ = {
			isa = XCBuildConfiguration;
			baseConfigurationReference = C522A7D87C2527978F2CB104 /* Pods-Sozava.debug.xcconfig */;
			buildSettings = {
				ASSETCATALOG_COMPILER_APPICON_NAME = AppIcon;
				CLANG_ENABLE_MODULES = YES;
				DEVELOPMENT_TEAM = 9T5D737237;
				INFOPLIST_FILE = Sozava/Info.plist;
				LD_RUNPATH_SEARCH_PATHS = "$(inherited) @executable_path/Frameworks";
				PRODUCT_BUNDLE_IDENTIFIER = com.zorobabel.Sozava;
				PRODUCT_NAME = "$(TARGET_NAME)";
				SWIFT_OBJC_BRIDGING_HEADER = "Sozava/Sozava-Bridging-Header.h";
				SWIFT_OPTIMIZATION_LEVEL = "-Onone";
				SWIFT_VERSION = 3.0;
			};
			name = Debug;
		};
		E0AC1AD51E6EF8B000D613AE /* Release */ = {
			isa = XCBuildConfiguration;
			baseConfigurationReference = 8C578D1DD581A10D28B5F65E /* Pods-Sozava.release.xcconfig */;
			buildSettings = {
				ASSETCATALOG_COMPILER_APPICON_NAME = AppIcon;
				CLANG_ENABLE_MODULES = YES;
				DEVELOPMENT_TEAM = 9T5D737237;
				INFOPLIST_FILE = Sozava/Info.plist;
				LD_RUNPATH_SEARCH_PATHS = "$(inherited) @executable_path/Frameworks";
				PRODUCT_BUNDLE_IDENTIFIER = com.zorobabel.Sozava;
				PRODUCT_NAME = "$(TARGET_NAME)";
				SWIFT_OBJC_BRIDGING_HEADER = "Sozava/Sozava-Bridging-Header.h";
				SWIFT_VERSION = 3.0;
			};
			name = Release;
		};
/* End XCBuildConfiguration section */

/* Begin XCConfigurationList section */
		E0AC1ABC1E6EF8B000D613AE /* Build configuration list for PBXProject "Sozava" */ = {
			isa = XCConfigurationList;
			buildConfigurations = (
				E0AC1AD11E6EF8B000D613AE /* Debug */,
				E0AC1AD21E6EF8B000D613AE /* Release */,
			);
			defaultConfigurationIsVisible = 0;
			defaultConfigurationName = Release;
		};
		E0AC1AD31E6EF8B000D613AE /* Build configuration list for PBXNativeTarget "Sozava" */ = {
			isa = XCConfigurationList;
			buildConfigurations = (
				E0AC1AD41E6EF8B000D613AE /* Debug */,
				E0AC1AD51E6EF8B000D613AE /* Release */,
			);
			defaultConfigurationIsVisible = 0;
			defaultConfigurationName = Release;
		};
/* End XCConfigurationList section */
	};
	rootObject = E0AC1AB91E6EF8B000D613AE /* Project object */;
}
